// !$*UTF8*$!
{
	archiveVersion = 1;
	classes = {
	};
	objectVersion = 46;
	objects = {

/* Begin PBXBuildFile section */
		4703DD101E56FE7100843437 /* DoubleLinkedList.c in Sources */ = {isa = PBXBuildFile; fileRef = 4703DD0E1E56FE7100843437 /* DoubleLinkedList.c */; };
		4703DD141E597E0000843437 /* CircleDoubleLinkedList.c in Sources */ = {isa = PBXBuildFile; fileRef = 4703DD121E597E0000843437 /* CircleDoubleLinkedList.c */; };
		4723810F1E359D2100F6F2BC /* ArrayQueue.c in Sources */ = {isa = PBXBuildFile; fileRef = 472380FD1E359D2100F6F2BC /* ArrayQueue.c */; };
		472381101E359D2100F6F2BC /* ArrayStack.c in Sources */ = {isa = PBXBuildFile; fileRef = 472381001E359D2100F6F2BC /* ArrayStack.c */; };
		472381111E359D2100F6F2BC /* DynamicQueue.c in Sources */ = {isa = PBXBuildFile; fileRef = 472381031E359D2100F6F2BC /* DynamicQueue.c */; };
		472381121E359D2100F6F2BC /* DynamicStack.c in Sources */ = {isa = PBXBuildFile; fileRef = 472381061E359D2100F6F2BC /* DynamicStack.c */; };
		472381141E359D2100F6F2BC /* SequenceArrayList.c in Sources */ = {isa = PBXBuildFile; fileRef = 4723810C1E359D2100F6F2BC /* SequenceArrayList.c */; };
		472381171E359DBE00F6F2BC /* Algorithm.c in Sources */ = {isa = PBXBuildFile; fileRef = 472381151E359DBE00F6F2BC /* Algorithm.c */; };
		4723811A1E359E0B00F6F2BC /* StandardLibImpl.c in Sources */ = {isa = PBXBuildFile; fileRef = 472381181E359E0B00F6F2BC /* StandardLibImpl.c */; };
		4758AED81E23D37C00FA7884 /* main.c in Sources */ = {isa = PBXBuildFile; fileRef = 4758AED71E23D37C00FA7884 /* main.c */; };
		47AD646B1E399378008726BB /* StringTool.c in Sources */ = {isa = PBXBuildFile; fileRef = 47AD64691E399378008726BB /* StringTool.c */; };
		47C879811E404A9700C868FB /* CBasic.c in Sources */ = {isa = PBXBuildFile; fileRef = 47C8797F1E404A9700C868FB /* CBasic.c */; };
		47C879851E483D3B00C868FB /* CPractice.c in Sources */ = {isa = PBXBuildFile; fileRef = 47C879831E483D3B00C868FB /* CPractice.c */; };
		47C879891E487C4300C868FB /* DynamicSequenceArrayList.c in Sources */ = {isa = PBXBuildFile; fileRef = 47C879871E487C4300C868FB /* DynamicSequenceArrayList.c */; };
		47C879911E4B723E00C868FB /* LinkedList.c in Sources */ = {isa = PBXBuildFile; fileRef = 47C8798F1E4B723E00C868FB /* LinkedList.c */; };
		47E16FFB1E517EEF00BADC86 /* CircleLinkedList.c in Sources */ = {isa = PBXBuildFile; fileRef = 47E16FF91E517EEF00BADC86 /* CircleLinkedList.c */; };
		47E170221E5452D500BADC86 /* LinkedStack.c in Sources */ = {isa = PBXBuildFile; fileRef = 47E170201E5452D500BADC86 /* LinkedStack.c */; };
		47E170261E54B7F500BADC86 /* LinkedQueue.c in Sources */ = {isa = PBXBuildFile; fileRef = 47E170241E54B7F500BADC86 /* LinkedQueue.c */; };
		47E1702A1E556C6600BADC86 /* PriorityLinkedQueue.c in Sources */ = {isa = PBXBuildFile; fileRef = 47E170281E556C6600BADC86 /* PriorityLinkedQueue.c */; };
/* End PBXBuildFile section */

/* Begin PBXCopyFilesBuildPhase section */
		4758AED21E23D37C00FA7884 /* CopyFiles */ = {
			isa = PBXCopyFilesBuildPhase;
			buildActionMask = 2147483647;
			dstPath = /usr/share/man/man1/;
			dstSubfolderSpec = 0;
			files = (
			);
			runOnlyForDeploymentPostprocessing = 1;
		};
/* End PBXCopyFilesBuildPhase section */

/* Begin PBXFileReference section */
		4703DD0E1E56FE7100843437 /* DoubleLinkedList.c */ = {isa = PBXFileReference; fileEncoding = 4; lastKnownFileType = sourcecode.c.c; path = DoubleLinkedList.c; sourceTree = "<group>"; };
		4703DD0F1E56FE7100843437 /* DoubleLinkedList.h */ = {isa = PBXFileReference; fileEncoding = 4; lastKnownFileType = sourcecode.c.h; path = DoubleLinkedList.h; sourceTree = "<group>"; };
		4703DD121E597E0000843437 /* CircleDoubleLinkedList.c */ = {isa = PBXFileReference; fileEncoding = 4; lastKnownFileType = sourcecode.c.c; path = CircleDoubleLinkedList.c; sourceTree = "<group>"; };
		4703DD131E597E0000843437 /* CircleDoubleLinkedList.h */ = {isa = PBXFileReference; fileEncoding = 4; lastKnownFileType = sourcecode.c.h; path = CircleDoubleLinkedList.h; sourceTree = "<group>"; };
		472380FD1E359D2100F6F2BC /* ArrayQueue.c */ = {isa = PBXFileReference; fileEncoding = 4; lastKnownFileType = sourcecode.c.c; path = ArrayQueue.c; sourceTree = "<group>"; };
		472380FE1E359D2100F6F2BC /* ArrayQueue.h */ = {isa = PBXFileReference; fileEncoding = 4; lastKnownFileType = sourcecode.c.h; path = ArrayQueue.h; sourceTree = "<group>"; };
		472381001E359D2100F6F2BC /* ArrayStack.c */ = {isa = PBXFileReference; fileEncoding = 4; lastKnownFileType = sourcecode.c.c; path = ArrayStack.c; sourceTree = "<group>"; };
		472381011E359D2100F6F2BC /* ArrayStack.h */ = {isa = PBXFileReference; fileEncoding = 4; lastKnownFileType = sourcecode.c.h; path = ArrayStack.h; sourceTree = "<group>"; };
		472381031E359D2100F6F2BC /* DynamicQueue.c */ = {isa = PBXFileReference; fileEncoding = 4; lastKnownFileType = sourcecode.c.c; path = DynamicQueue.c; sourceTree = "<group>"; };
		472381041E359D2100F6F2BC /* DynamicQueue.h */ = {isa = PBXFileReference; fileEncoding = 4; lastKnownFileType = sourcecode.c.h; path = DynamicQueue.h; sourceTree = "<group>"; };
		472381061E359D2100F6F2BC /* DynamicStack.c */ = {isa = PBXFileReference; fileEncoding = 4; lastKnownFileType = sourcecode.c.c; path = DynamicStack.c; sourceTree = "<group>"; };
		472381071E359D2100F6F2BC /* DynamicStack.h */ = {isa = PBXFileReference; fileEncoding = 4; lastKnownFileType = sourcecode.c.h; path = DynamicStack.h; sourceTree = "<group>"; };
		4723810C1E359D2100F6F2BC /* SequenceArrayList.c */ = {isa = PBXFileReference; fileEncoding = 4; lastKnownFileType = sourcecode.c.c; path = SequenceArrayList.c; sourceTree = "<group>"; };
		4723810D1E359D2100F6F2BC /* SequenceArrayList.h */ = {isa = PBXFileReference; fileEncoding = 4; lastKnownFileType = sourcecode.c.h; path = SequenceArrayList.h; sourceTree = "<group>"; };
		472381151E359DBE00F6F2BC /* Algorithm.c */ = {isa = PBXFileReference; fileEncoding = 4; lastKnownFileType = sourcecode.c.c; path = Algorithm.c; sourceTree = "<group>"; };
		472381161E359DBE00F6F2BC /* Algorithm.h */ = {isa = PBXFileReference; fileEncoding = 4; lastKnownFileType = sourcecode.c.h; path = Algorithm.h; sourceTree = "<group>"; };
		472381181E359E0B00F6F2BC /* StandardLibImpl.c */ = {isa = PBXFileReference; fileEncoding = 4; lastKnownFileType = sourcecode.c.c; path = StandardLibImpl.c; sourceTree = "<group>"; };
		472381191E359E0B00F6F2BC /* StandardLibImpl.h */ = {isa = PBXFileReference; fileEncoding = 4; lastKnownFileType = sourcecode.c.h; path = StandardLibImpl.h; sourceTree = "<group>"; };
		4758AED41E23D37C00FA7884 /* C-Basic-Demo */ = {isa = PBXFileReference; explicitFileType = "compiled.mach-o.executable"; includeInIndex = 0; path = "C-Basic-Demo"; sourceTree = BUILT_PRODUCTS_DIR; };
		4758AED71E23D37C00FA7884 /* main.c */ = {isa = PBXFileReference; lastKnownFileType = sourcecode.c.c; path = main.c; sourceTree = "<group>"; };
		47AD64691E399378008726BB /* StringTool.c */ = {isa = PBXFileReference; fileEncoding = 4; lastKnownFileType = sourcecode.c.c; path = StringTool.c; sourceTree = "<group>"; };
		47AD646A1E399378008726BB /* StringTool.h */ = {isa = PBXFileReference; fileEncoding = 4; lastKnownFileType = sourcecode.c.h; path = StringTool.h; sourceTree = "<group>"; };
		47C8797F1E404A9700C868FB /* CBasic.c */ = {isa = PBXFileReference; fileEncoding = 4; lastKnownFileType = sourcecode.c.c; path = CBasic.c; sourceTree = "<group>"; };
		47C879801E404A9700C868FB /* CBasic.h */ = {isa = PBXFileReference; fileEncoding = 4; lastKnownFileType = sourcecode.c.h; path = CBasic.h; sourceTree = "<group>"; };
		47C879831E483D3B00C868FB /* CPractice.c */ = {isa = PBXFileReference; fileEncoding = 4; lastKnownFileType = sourcecode.c.c; path = CPractice.c; sourceTree = "<group>"; };
		47C879841E483D3B00C868FB /* CPractice.h */ = {isa = PBXFileReference; fileEncoding = 4; lastKnownFileType = sourcecode.c.h; path = CPractice.h; sourceTree = "<group>"; };
		47C879871E487C4300C868FB /* DynamicSequenceArrayList.c */ = {isa = PBXFileReference; fileEncoding = 4; lastKnownFileType = sourcecode.c.c; path = DynamicSequenceArrayList.c; sourceTree = "<group>"; };
		47C879881E487C4300C868FB /* DynamicSequenceArrayList.h */ = {isa = PBXFileReference; fileEncoding = 4; lastKnownFileType = sourcecode.c.h; path = DynamicSequenceArrayList.h; sourceTree = "<group>"; };
		47C8798F1E4B723E00C868FB /* LinkedList.c */ = {isa = PBXFileReference; fileEncoding = 4; lastKnownFileType = sourcecode.c.c; path = LinkedList.c; sourceTree = "<group>"; };
		47C879901E4B723E00C868FB /* LinkedList.h */ = {isa = PBXFileReference; fileEncoding = 4; lastKnownFileType = sourcecode.c.h; path = LinkedList.h; sourceTree = "<group>"; };
		47E16FF91E517EEF00BADC86 /* CircleLinkedList.c */ = {isa = PBXFileReference; fileEncoding = 4; lastKnownFileType = sourcecode.c.c; path = CircleLinkedList.c; sourceTree = "<group>"; };
		47E16FFA1E517EEF00BADC86 /* CircleLinkedList.h */ = {isa = PBXFileReference; fileEncoding = 4; lastKnownFileType = sourcecode.c.h; path = CircleLinkedList.h; sourceTree = "<group>"; };
		47E170201E5452D500BADC86 /* LinkedStack.c */ = {isa = PBXFileReference; fileEncoding = 4; lastKnownFileType = sourcecode.c.c; path = LinkedStack.c; sourceTree = "<group>"; };
		47E170211E5452D500BADC86 /* LinkedStack.h */ = {isa = PBXFileReference; fileEncoding = 4; lastKnownFileType = sourcecode.c.h; path = LinkedStack.h; sourceTree = "<group>"; };
		47E170241E54B7F500BADC86 /* LinkedQueue.c */ = {isa = PBXFileReference; fileEncoding = 4; lastKnownFileType = sourcecode.c.c; path = LinkedQueue.c; sourceTree = "<group>"; };
		47E170251E54B7F500BADC86 /* LinkedQueue.h */ = {isa = PBXFileReference; fileEncoding = 4; lastKnownFileType = sourcecode.c.h; path = LinkedQueue.h; sourceTree = "<group>"; };
		47E170281E556C6600BADC86 /* PriorityLinkedQueue.c */ = {isa = PBXFileReference; fileEncoding = 4; lastKnownFileType = sourcecode.c.c; path = PriorityLinkedQueue.c; sourceTree = "<group>"; };
		47E170291E556C6600BADC86 /* PriorityLinkedQueue.h */ = {isa = PBXFileReference; fileEncoding = 4; lastKnownFileType = sourcecode.c.h; path = PriorityLinkedQueue.h; sourceTree = "<group>"; };
/* End PBXFileReference section */

/* Begin PBXFrameworksBuildPhase section */
		4758AED11E23D37C00FA7884 /* Frameworks */ = {
			isa = PBXFrameworksBuildPhase;
			buildActionMask = 2147483647;
			files = (
			);
			runOnlyForDeploymentPostprocessing = 0;
		};
/* End PBXFrameworksBuildPhase section */

/* Begin PBXGroup section */
		4703DD0D1E56FE4900843437 /* DoubleLinkedList */ = {
			isa = PBXGroup;
			children = (
				4703DD0F1E56FE7100843437 /* DoubleLinkedList.h */,
				4703DD0E1E56FE7100843437 /* DoubleLinkedList.c */,
			);
			path = DoubleLinkedList;
			sourceTree = "<group>";
		};
		4703DD111E597DF300843437 /* CircleDoubleLinkedList */ = {
			isa = PBXGroup;
			children = (
				4703DD131E597E0000843437 /* CircleDoubleLinkedList.h */,
				4703DD121E597E0000843437 /* CircleDoubleLinkedList.c */,
			);
			path = CircleDoubleLinkedList;
			sourceTree = "<group>";
		};
		472380FA1E359D2100F6F2BC /* C_Algorithm */ = {
			isa = PBXGroup;
			children = (
				472381161E359DBE00F6F2BC /* Algorithm.h */,
				472381151E359DBE00F6F2BC /* Algorithm.c */,
			);
			path = C_Algorithm;
			sourceTree = "<group>";
		};
		472380FB1E359D2100F6F2BC /* C_DataStructure */ = {
			isa = PBXGroup;
			children = (
				472380FC1E359D2100F6F2BC /* ArrayQueue */,
				472380FF1E359D2100F6F2BC /* ArrayStack */,
				472381021E359D2100F6F2BC /* DynamicQueue */,
				472381051E359D2100F6F2BC /* DynamicStack */,
				47C8798E1E4B723000C868FB /* LinkedList */,
				47E170231E54B7E800BADC86 /* LinkedQueue */,
				47E1701F1E5452C600BADC86 /* LinkedStack */,
				47E170271E556C5500BADC86 /* PriorityLinkedQueue */,
				47E16FF81E517EE200BADC86 /* CircleLinkedList */,
				4703DD0D1E56FE4900843437 /* DoubleLinkedList */,
				4703DD111E597DF300843437 /* CircleDoubleLinkedList */,
				4723810B1E359D2100F6F2BC /* SequenceArrayList */,
				47C879861E487C3500C868FB /* DynamicSequenceArrayList */,
			);
			path = C_DataStructure;
			sourceTree = "<group>";
		};
		472380FC1E359D2100F6F2BC /* ArrayQueue */ = {
			isa = PBXGroup;
			children = (
				472380FE1E359D2100F6F2BC /* ArrayQueue.h */,
				472380FD1E359D2100F6F2BC /* ArrayQueue.c */,
			);
			path = ArrayQueue;
			sourceTree = "<group>";
		};
		472380FF1E359D2100F6F2BC /* ArrayStack */ = {
			isa = PBXGroup;
			children = (
				472381011E359D2100F6F2BC /* ArrayStack.h */,
				472381001E359D2100F6F2BC /* ArrayStack.c */,
			);
			path = ArrayStack;
			sourceTree = "<group>";
		};
		472381021E359D2100F6F2BC /* DynamicQueue */ = {
			isa = PBXGroup;
			children = (
				472381041E359D2100F6F2BC /* DynamicQueue.h */,
				472381031E359D2100F6F2BC /* DynamicQueue.c */,
			);
			path = DynamicQueue;
			sourceTree = "<group>";
		};
		472381051E359D2100F6F2BC /* DynamicStack */ = {
			isa = PBXGroup;
			children = (
				472381071E359D2100F6F2BC /* DynamicStack.h */,
				472381061E359D2100F6F2BC /* DynamicStack.c */,
			);
			path = DynamicStack;
			sourceTree = "<group>";
		};
		4723810B1E359D2100F6F2BC /* SequenceArrayList */ = {
			isa = PBXGroup;
			children = (
				4723810D1E359D2100F6F2BC /* SequenceArrayList.h */,
				4723810C1E359D2100F6F2BC /* SequenceArrayList.c */,
			);
			path = SequenceArrayList;
			sourceTree = "<group>";
		};
		4723810E1E359D2100F6F2BC /* C_Standard_Lib */ = {
			isa = PBXGroup;
			children = (
				472381191E359E0B00F6F2BC /* StandardLibImpl.h */,
				472381181E359E0B00F6F2BC /* StandardLibImpl.c */,
			);
			path = C_Standard_Lib;
			sourceTree = "<group>";
		};
		4758AECB1E23D37C00FA7884 = {
			isa = PBXGroup;
			children = (
				4758AED61E23D37C00FA7884 /* C-Basic-Demo */,
				4758AED51E23D37C00FA7884 /* Products */,
			);
			sourceTree = "<group>";
		};
		4758AED51E23D37C00FA7884 /* Products */ = {
			isa = PBXGroup;
			children = (
				4758AED41E23D37C00FA7884 /* C-Basic-Demo */,
			);
			name = Products;
			sourceTree = "<group>";
		};
		4758AED61E23D37C00FA7884 /* C-Basic-Demo */ = {
			isa = PBXGroup;
			children = (
				4758AED71E23D37C00FA7884 /* main.c */,
				472380FA1E359D2100F6F2BC /* C_Algorithm */,
				47C8797E1E404A8300C868FB /* C_Basic */,
				472380FB1E359D2100F6F2BC /* C_DataStructure */,
				47C879821E483D2B00C868FB /* C_Practice */,
				4723810E1E359D2100F6F2BC /* C_Standard_Lib */,
				47AD64681E399364008726BB /* C_String_Tool */,
			);
			path = "C-Basic-Demo";
			sourceTree = "<group>";
		};
		47AD64681E399364008726BB /* C_String_Tool */ = {
			isa = PBXGroup;
			children = (
				47AD646A1E399378008726BB /* StringTool.h */,
				47AD64691E399378008726BB /* StringTool.c */,
			);
			path = C_String_Tool;
			sourceTree = "<group>";
		};
		47C8797E1E404A8300C868FB /* C_Basic */ = {
			isa = PBXGroup;
			children = (
				47C879801E404A9700C868FB /* CBasic.h */,
				47C8797F1E404A9700C868FB /* CBasic.c */,
			);
			path = C_Basic;
			sourceTree = "<group>";
		};
		47C879821E483D2B00C868FB /* C_Practice */ = {
			isa = PBXGroup;
			children = (
				47C879841E483D3B00C868FB /* CPractice.h */,
				47C879831E483D3B00C868FB /* CPractice.c */,
			);
			path = C_Practice;
			sourceTree = "<group>";
		};
		47C879861E487C3500C868FB /* DynamicSequenceArrayList */ = {
			isa = PBXGroup;
			children = (
				47C879881E487C4300C868FB /* DynamicSequenceArrayList.h */,
				47C879871E487C4300C868FB /* DynamicSequenceArrayList.c */,
			);
			path = DynamicSequenceArrayList;
			sourceTree = "<group>";
		};
		47C8798E1E4B723000C868FB /* LinkedList */ = {
			isa = PBXGroup;
			children = (
				47C879901E4B723E00C868FB /* LinkedList.h */,
				47C8798F1E4B723E00C868FB /* LinkedList.c */,
			);
			path = LinkedList;
			sourceTree = "<group>";
		};
		47E16FF81E517EE200BADC86 /* CircleLinkedList */ = {
			isa = PBXGroup;
			children = (
				47E16FFA1E517EEF00BADC86 /* CircleLinkedList.h */,
				47E16FF91E517EEF00BADC86 /* CircleLinkedList.c */,
			);
			path = CircleLinkedList;
			sourceTree = "<group>";
		};
		47E1701F1E5452C600BADC86 /* LinkedStack */ = {
			isa = PBXGroup;
			children = (
				47E170211E5452D500BADC86 /* LinkedStack.h */,
				47E170201E5452D500BADC86 /* LinkedStack.c */,
			);
			path = LinkedStack;
			sourceTree = "<group>";
		};
		47E170231E54B7E800BADC86 /* LinkedQueue */ = {
			isa = PBXGroup;
			children = (
				47E170251E54B7F500BADC86 /* LinkedQueue.h */,
				47E170241E54B7F500BADC86 /* LinkedQueue.c */,
			);
			path = LinkedQueue;
			sourceTree = "<group>";
		};
		47E170271E556C5500BADC86 /* PriorityLinkedQueue */ = {
			isa = PBXGroup;
			children = (
				47E170291E556C6600BADC86 /* PriorityLinkedQueue.h */,
				47E170281E556C6600BADC86 /* PriorityLinkedQueue.c */,
			);
			path = PriorityLinkedQueue;
			sourceTree = "<group>";
		};
/* End PBXGroup section */

/* Begin PBXNativeTarget section */
		4758AED31E23D37C00FA7884 /* C-Basic-Demo */ = {
			isa = PBXNativeTarget;
			buildConfigurationList = 4758AEDB1E23D37C00FA7884 /* Build configuration list for PBXNativeTarget "C-Basic-Demo" */;
			buildPhases = (
				4758AED01E23D37C00FA7884 /* Sources */,
				4758AED11E23D37C00FA7884 /* Frameworks */,
				4758AED21E23D37C00FA7884 /* CopyFiles */,
			);
			buildRules = (
			);
			dependencies = (
			);
			name = "C-Basic-Demo";
			productName = "C-Basic-Demo";
			productReference = 4758AED41E23D37C00FA7884 /* C-Basic-Demo */;
			productType = "com.apple.product-type.tool";
		};
/* End PBXNativeTarget section */

/* Begin PBXProject section */
		4758AECC1E23D37C00FA7884 /* Project object */ = {
			isa = PBXProject;
			attributes = {
				LastUpgradeCheck = 0820;
				ORGANIZATIONNAME = HeJeffery;
				TargetAttributes = {
					4758AED31E23D37C00FA7884 = {
						CreatedOnToolsVersion = 8.2.1;
						DevelopmentTeam = FN82QTBZ23;
						ProvisioningStyle = Automatic;
					};
				};
			};
			buildConfigurationList = 4758AECF1E23D37C00FA7884 /* Build configuration list for PBXProject "C-Basic-Demo" */;
			compatibilityVersion = "Xcode 3.2";
			developmentRegion = English;
			hasScannedForEncodings = 0;
			knownRegions = (
				en,
			);
			mainGroup = 4758AECB1E23D37C00FA7884;
			productRefGroup = 4758AED51E23D37C00FA7884 /* Products */;
			projectDirPath = "";
			projectRoot = "";
			targets = (
				4758AED31E23D37C00FA7884 /* C-Basic-Demo */,
			);
		};
/* End PBXProject section */

/* Begin PBXSourcesBuildPhase section */
		4758AED01E23D37C00FA7884 /* Sources */ = {
			isa = PBXSourcesBuildPhase;
			buildActionMask = 2147483647;
			files = (
				47AD646B1E399378008726BB /* StringTool.c in Sources */,
				47C879911E4B723E00C868FB /* LinkedList.c in Sources */,
				47C879851E483D3B00C868FB /* CPractice.c in Sources */,
				47C879891E487C4300C868FB /* DynamicSequenceArrayList.c in Sources */,
				472381121E359D2100F6F2BC /* DynamicStack.c in Sources */,
				4723811A1E359E0B00F6F2BC /* StandardLibImpl.c in Sources */,
				4703DD141E597E0000843437 /* CircleDoubleLinkedList.c in Sources */,
				472381141E359D2100F6F2BC /* SequenceArrayList.c in Sources */,
				472381171E359DBE00F6F2BC /* Algorithm.c in Sources */,
				472381101E359D2100F6F2BC /* ArrayStack.c in Sources */,
				4703DD101E56FE7100843437 /* DoubleLinkedList.c in Sources */,
				472381111E359D2100F6F2BC /* DynamicQueue.c in Sources */,
				47E170261E54B7F500BADC86 /* LinkedQueue.c in Sources */,
				47E16FFB1E517EEF00BADC86 /* CircleLinkedList.c in Sources */,
				47E1702A1E556C6600BADC86 /* PriorityLinkedQueue.c in Sources */,
				4758AED81E23D37C00FA7884 /* main.c in Sources */,
				47C879811E404A9700C868FB /* CBasic.c in Sources */,
				4723810F1E359D2100F6F2BC /* ArrayQueue.c in Sources */,
				47E170221E5452D500BADC86 /* LinkedStack.c in Sources */,
			);
			runOnlyForDeploymentPostprocessing = 0;
		};
/* End PBXSourcesBuildPhase section */

/* Begin XCBuildConfiguration section */
		4758AED91E23D37C00FA7884 /* Debug */ = {
			isa = XCBuildConfiguration;
			buildSettings = {
				ALWAYS_SEARCH_USER_PATHS = NO;
				CLANG_ANALYZER_NONNULL = YES;
				CLANG_CXX_LANGUAGE_STANDARD = "gnu++0x";
				CLANG_CXX_LIBRARY = "libc++";
				CLANG_ENABLE_MODULES = YES;
				CLANG_ENABLE_OBJC_ARC = YES;
				CLANG_WARN_BOOL_CONVERSION = YES;
				CLANG_WARN_CONSTANT_CONVERSION = YES;
				CLANG_WARN_DIRECT_OBJC_ISA_USAGE = YES_ERROR;
				CLANG_WARN_DOCUMENTATION_COMMENTS = YES;
				CLANG_WARN_EMPTY_BODY = YES;
				CLANG_WARN_ENUM_CONVERSION = YES;
				CLANG_WARN_INFINITE_RECURSION = YES;
				CLANG_WARN_INT_CONVERSION = YES;
				CLANG_WARN_OBJC_ROOT_CLASS = YES_ERROR;
				CLANG_WARN_SUSPICIOUS_MOVE = YES;
				CLANG_WARN_UNREACHABLE_CODE = YES;
				CLANG_WARN__DUPLICATE_METHOD_MATCH = YES;
				CODE_SIGN_IDENTITY = "-";
				COPY_PHASE_STRIP = NO;
				DEBUG_INFORMATION_FORMAT = dwarf;
				ENABLE_STRICT_OBJC_MSGSEND = YES;
				ENABLE_TESTABILITY = YES;
				GCC_C_LANGUAGE_STANDARD = gnu99;
				GCC_DYNAMIC_NO_PIC = NO;
				GCC_NO_COMMON_BLOCKS = YES;
				GCC_OPTIMIZATION_LEVEL = 0;
				GCC_PREPROCESSOR_DEFINITIONS = (
					"DEBUG=1",
					"$(inherited)",
				);
				GCC_WARN_64_TO_32_BIT_CONVERSION = YES;
				GCC_WARN_ABOUT_RETURN_TYPE = YES_ERROR;
				GCC_WARN_UNDECLARED_SELECTOR = YES;
				GCC_WARN_UNINITIALIZED_AUTOS = YES_AGGRESSIVE;
				GCC_WARN_UNUSED_FUNCTION = YES;
				GCC_WARN_UNUSED_VARIABLE = YES;
				MACOSX_DEPLOYMENT_TARGET = 10.12;
				MTL_ENABLE_DEBUG_INFO = YES;
				ONLY_ACTIVE_ARCH = YES;
				SDKROOT = macosx;
			};
			name = Debug;
		};
		4758AEDA1E23D37C00FA7884 /* Release */ = {
			isa = XCBuildConfiguration;
			buildSettings = {
				ALWAYS_SEARCH_USER_PATHS = NO;
				CLANG_ANALYZER_NONNULL = YES;
				CLANG_CXX_LANGUAGE_STANDARD = "gnu++0x";
				CLANG_CXX_LIBRARY = "libc++";
				CLANG_ENABLE_MODULES = YES;
				CLANG_ENABLE_OBJC_ARC = YES;
				CLANG_WARN_BOOL_CONVERSION = YES;
				CLANG_WARN_CONSTANT_CONVERSION = YES;
				CLANG_WARN_DIRECT_OBJC_ISA_USAGE = YES_ERROR;
				CLANG_WARN_DOCUMENTATION_COMMENTS = YES;
				CLANG_WARN_EMPTY_BODY = YES;
				CLANG_WARN_ENUM_CONVERSION = YES;
				CLANG_WARN_INFINITE_RECURSION = YES;
				CLANG_WARN_INT_CONVERSION = YES;
				CLANG_WARN_OBJC_ROOT_CLASS = YES_ERROR;
				CLANG_WARN_SUSPICIOUS_MOVE = YES;
				CLANG_WARN_UNREACHABLE_CODE = YES;
				CLANG_WARN__DUPLICATE_METHOD_MATCH = YES;
				CODE_SIGN_IDENTITY = "-";
				COPY_PHASE_STRIP = NO;
				DEBUG_INFORMATION_FORMAT = "dwarf-with-dsym";
				ENABLE_NS_ASSERTIONS = NO;
				ENABLE_STRICT_OBJC_MSGSEND = YES;
				GCC_C_LANGUAGE_STANDARD = gnu99;
				GCC_NO_COMMON_BLOCKS = YES;
				GCC_WARN_64_TO_32_BIT_CONVERSION = YES;
				GCC_WARN_ABOUT_RETURN_TYPE = YES_ERROR;
				GCC_WARN_UNDECLARED_SELECTOR = YES;
				GCC_WARN_UNINITIALIZED_AUTOS = YES_AGGRESSIVE;
				GCC_WARN_UNUSED_FUNCTION = YES;
				GCC_WARN_UNUSED_VARIABLE = YES;
				MACOSX_DEPLOYMENT_TARGET = 10.12;
				MTL_ENABLE_DEBUG_INFO = NO;
				SDKROOT = macosx;
			};
			name = Release;
		};
		4758AEDC1E23D37C00FA7884 /* Debug */ = {
			isa = XCBuildConfiguration;
			buildSettings = {
				DEVELOPMENT_TEAM = FN82QTBZ23;
				PRODUCT_NAME = "$(TARGET_NAME)";
			};
			name = Debug;
		};
		4758AEDD1E23D37C00FA7884 /* Release */ = {
			isa = XCBuildConfiguration;
			buildSettings = {
				DEVELOPMENT_TEAM = FN82QTBZ23;
				PRODUCT_NAME = "$(TARGET_NAME)";
			};
			name = Release;
		};
/* End XCBuildConfiguration section */

/* Begin XCConfigurationList section */
		4758AECF1E23D37C00FA7884 /* Build configuration list for PBXProject "C-Basic-Demo" */ = {
			isa = XCConfigurationList;
			buildConfigurations = (
				4758AED91E23D37C00FA7884 /* Debug */,
				4758AEDA1E23D37C00FA7884 /* Release */,
			);
			defaultConfigurationIsVisible = 0;
			defaultConfigurationName = Release;
		};
		4758AEDB1E23D37C00FA7884 /* Build configuration list for PBXNativeTarget "C-Basic-Demo" */ = {
			isa = XCConfigurationList;
			buildConfigurations = (
				4758AEDC1E23D37C00FA7884 /* Debug */,
				4758AEDD1E23D37C00FA7884 /* Release */,
			);
			defaultConfigurationIsVisible = 0;
			defaultConfigurationName = Release;
		};
/* End XCConfigurationList section */
	};
	rootObject = 4758AECC1E23D37C00FA7884 /* Project object */;
}
