// !$*UTF8*$!
{
	archiveVersion = 1;
	classes = {
	};
	objectVersion = 46;
	objects = {

/* Begin PBXBuildFile section */
		4758AED81E23D37C00FA7884 /* main.c in Sources */ = {isa = PBXBuildFile; fileRef = 4758AED71E23D37C00FA7884 /* main.c */; };
		4758AEE51E25C68C00FA7884 /* ArrayStack.c in Sources */ = {isa = PBXBuildFile; fileRef = 4758AEE31E25C68C00FA7884 /* ArrayStack.c */; };
/* End PBXBuildFile section */

/* Begin PBXCopyFilesBuildPhase section */
		4758AED21E23D37C00FA7884 /* CopyFiles */ = {
			isa = PBXCopyFilesBuildPhase;
			buildActionMask = 2147483647;
			dstPath = /usr/share/man/man1/;
			dstSubfolderSpec = 0;
			files = (
			);
			runOnlyForDeploymentPostprocessing = 1;
		};
/* End PBXCopyFilesBuildPhase section */

/* Begin PBXFileReference section */
		4758AED41E23D37C00FA7884 /* C-Basic-Demo */ = {isa = PBXFileReference; explicitFileType = "compiled.mach-o.executable"; includeInIndex = 0; path = "C-Basic-Demo"; sourceTree = BUILT_PRODUCTS_DIR; };
		4758AED71E23D37C00FA7884 /* main.c */ = {isa = PBXFileReference; lastKnownFileType = sourcecode.c.c; path = main.c; sourceTree = "<group>"; };
		4758AEE31E25C68C00FA7884 /* ArrayStack.c */ = {isa = PBXFileReference; fileEncoding = 4; lastKnownFileType = sourcecode.c.c; path = ArrayStack.c; sourceTree = "<group>"; };
		4758AEE41E25C68C00FA7884 /* ArrayStack.h */ = {isa = PBXFileReference; fileEncoding = 4; lastKnownFileType = sourcecode.c.h; path = ArrayStack.h; sourceTree = "<group>"; };
/* End PBXFileReference section */

/* Begin PBXFrameworksBuildPhase section */
		4758AED11E23D37C00FA7884 /* Frameworks */ = {
			isa = PBXFrameworksBuildPhase;
			buildActionMask = 2147483647;
			files = (
			);
			runOnlyForDeploymentPostprocessing = 0;
		};
/* End PBXFrameworksBuildPhase section */

/* Begin PBXGroup section */
		4758AECB1E23D37C00FA7884 = {
			isa = PBXGroup;
			children = (
				4758AED61E23D37C00FA7884 /* C-Basic-Demo */,
				4758AED51E23D37C00FA7884 /* Products */,
			);
			sourceTree = "<group>";
		};
		4758AED51E23D37C00FA7884 /* Products */ = {
			isa = PBXGroup;
			children = (
				4758AED41E23D37C00FA7884 /* C-Basic-Demo */,
			);
			name = Products;
			sourceTree = "<group>";
		};
		4758AED61E23D37C00FA7884 /* C-Basic-Demo */ = {
			isa = PBXGroup;
			children = (
				4758AED71E23D37C00FA7884 /* main.c */,
				4758AEE21E25C64E00FA7884 /* ArrayStack */,
			);
			path = "C-Basic-Demo";
			sourceTree = "<group>";
		};
		4758AEE21E25C64E00FA7884 /* ArrayStack */ = {
			isa = PBXGroup;
			children = (
				4758AEE41E25C68C00FA7884 /* ArrayStack.h */,
				4758AEE31E25C68C00FA7884 /* ArrayStack.c */,
			);
			path = ArrayStack;
			sourceTree = "<group>";
		};
/* End PBXGroup section */

/* Begin PBXNativeTarget section */
		4758AED31E23D37C00FA7884 /* C-Basic-Demo */ = {
			isa = PBXNativeTarget;
			buildConfigurationList = 4758AEDB1E23D37C00FA7884 /* Build configuration list for PBXNativeTarget "C-Basic-Demo" */;
			buildPhases = (
				4758AED01E23D37C00FA7884 /* Sources */,
				4758AED11E23D37C00FA7884 /* Frameworks */,
				4758AED21E23D37C00FA7884 /* CopyFiles */,
			);
			buildRules = (
			);
			dependencies = (
			);
			name = "C-Basic-Demo";
			productName = "C-Basic-Demo";
			productReference = 4758AED41E23D37C00FA7884 /* C-Basic-Demo */;
			productType = "com.apple.product-type.tool";
		};
/* End PBXNativeTarget section */

/* Begin PBXProject section */
		4758AECC1E23D37C00FA7884 /* Project object */ = {
			isa = PBXProject;
			attributes = {
				LastUpgradeCheck = 0820;
				ORGANIZATIONNAME = HeJeffery;
				TargetAttributes = {
					4758AED31E23D37C00FA7884 = {
						CreatedOnToolsVersion = 8.2.1;
						DevelopmentTeam = FN82QTBZ23;
						ProvisioningStyle = Automatic;
					};
				};
			};
			buildConfigurationList = 4758AECF1E23D37C00FA7884 /* Build configuration list for PBXProject "C-Basic-Demo" */;
			compatibilityVersion = "Xcode 3.2";
			developmentRegion = English;
			hasScannedForEncodings = 0;
			knownRegions = (
				en,
			);
			mainGroup = 4758AECB1E23D37C00FA7884;
			productRefGroup = 4758AED51E23D37C00FA7884 /* Products */;
			projectDirPath = "";
			projectRoot = "";
			targets = (
				4758AED31E23D37C00FA7884 /* C-Basic-Demo */,
			);
		};
/* End PBXProject section */

/* Begin PBXSourcesBuildPhase section */
		4758AED01E23D37C00FA7884 /* Sources */ = {
			isa = PBXSourcesBuildPhase;
			buildActionMask = 2147483647;
			files = (
				4758AEE51E25C68C00FA7884 /* ArrayStack.c in Sources */,
				4758AED81E23D37C00FA7884 /* main.c in Sources */,
			);
			runOnlyForDeploymentPostprocessing = 0;
		};
/* End PBXSourcesBuildPhase section */

/* Begin XCBuildConfiguration section */
		4758AED91E23D37C00FA7884 /* Debug */ = {
			isa = XCBuildConfiguration;
			buildSettings = {
				ALWAYS_SEARCH_USER_PATHS = NO;
				CLANG_ANALYZER_NONNULL = YES;
				CLANG_CXX_LANGUAGE_STANDARD = "gnu++0x";
				CLANG_CXX_LIBRARY = "libc++";
				CLANG_ENABLE_MODULES = YES;
				CLANG_ENABLE_OBJC_ARC = YES;
				CLANG_WARN_BOOL_CONVERSION = YES;
				CLANG_WARN_CONSTANT_CONVERSION = YES;
				CLANG_WARN_DIRECT_OBJC_ISA_USAGE = YES_ERROR;
				CLANG_WARN_DOCUMENTATION_COMMENTS = YES;
				CLANG_WARN_EMPTY_BODY = YES;
				CLANG_WARN_ENUM_CONVERSION = YES;
				CLANG_WARN_INFINITE_RECURSION = YES;
				CLANG_WARN_INT_CONVERSION = YES;
				CLANG_WARN_OBJC_ROOT_CLASS = YES_ERROR;
				CLANG_WARN_SUSPICIOUS_MOVE = YES;
				CLANG_WARN_UNREACHABLE_CODE = YES;
				CLANG_WARN__DUPLICATE_METHOD_MATCH = YES;
				CODE_SIGN_IDENTITY = "-";
				COPY_PHASE_STRIP = NO;
				DEBUG_INFORMATION_FORMAT = dwarf;
				ENABLE_STRICT_OBJC_MSGSEND = YES;
				ENABLE_TESTABILITY = YES;
				GCC_C_LANGUAGE_STANDARD = gnu99;
				GCC_DYNAMIC_NO_PIC = NO;
				GCC_NO_COMMON_BLOCKS = YES;
				GCC_OPTIMIZATION_LEVEL = 0;
				GCC_PREPROCESSOR_DEFINITIONS = (
					"DEBUG=1",
					"$(inherited)",
				);
				GCC_WARN_64_TO_32_BIT_CONVERSION = YES;
				GCC_WARN_ABOUT_RETURN_TYPE = YES_ERROR;
				GCC_WARN_UNDECLARED_SELECTOR = YES;
				GCC_WARN_UNINITIALIZED_AUTOS = YES_AGGRESSIVE;
				GCC_WARN_UNUSED_FUNCTION = YES;
				GCC_WARN_UNUSED_VARIABLE = YES;
				MACOSX_DEPLOYMENT_TARGET = 10.12;
				MTL_ENABLE_DEBUG_INFO = YES;
				ONLY_ACTIVE_ARCH = YES;
				SDKROOT = macosx;
			};
			name = Debug;
		};
		4758AEDA1E23D37C00FA7884 /* Release */ = {
			isa = XCBuildConfiguration;
			buildSettings = {
				ALWAYS_SEARCH_USER_PATHS = NO;
				CLANG_ANALYZER_NONNULL = YES;
				CLANG_CXX_LANGUAGE_STANDARD = "gnu++0x";
				CLANG_CXX_LIBRARY = "libc++";
				CLANG_ENABLE_MODULES = YES;
				CLANG_ENABLE_OBJC_ARC = YES;
				CLANG_WARN_BOOL_CONVERSION = YES;
				CLANG_WARN_CONSTANT_CONVERSION = YES;
				CLANG_WARN_DIRECT_OBJC_ISA_USAGE = YES_ERROR;
				CLANG_WARN_DOCUMENTATION_COMMENTS = YES;
				CLANG_WARN_EMPTY_BODY = YES;
				CLANG_WARN_ENUM_CONVERSION = YES;
				CLANG_WARN_INFINITE_RECURSION = YES;
				CLANG_WARN_INT_CONVERSION = YES;
				CLANG_WARN_OBJC_ROOT_CLASS = YES_ERROR;
				CLANG_WARN_SUSPICIOUS_MOVE = YES;
				CLANG_WARN_UNREACHABLE_CODE = YES;
				CLANG_WARN__DUPLICATE_METHOD_MATCH = YES;
				CODE_SIGN_IDENTITY = "-";
				COPY_PHASE_STRIP = NO;
				DEBUG_INFORMATION_FORMAT = "dwarf-with-dsym";
				ENABLE_NS_ASSERTIONS = NO;
				ENABLE_STRICT_OBJC_MSGSEND = YES;
				GCC_C_LANGUAGE_STANDARD = gnu99;
				GCC_NO_COMMON_BLOCKS = YES;
				GCC_WARN_64_TO_32_BIT_CONVERSION = YES;
				GCC_WARN_ABOUT_RETURN_TYPE = YES_ERROR;
				GCC_WARN_UNDECLARED_SELECTOR = YES;
				GCC_WARN_UNINITIALIZED_AUTOS = YES_AGGRESSIVE;
				GCC_WARN_UNUSED_FUNCTION = YES;
				GCC_WARN_UNUSED_VARIABLE = YES;
				MACOSX_DEPLOYMENT_TARGET = 10.12;
				MTL_ENABLE_DEBUG_INFO = NO;
				SDKROOT = macosx;
			};
			name = Release;
		};
		4758AEDC1E23D37C00FA7884 /* Debug */ = {
			isa = XCBuildConfiguration;
			buildSettings = {
				DEVELOPMENT_TEAM = FN82QTBZ23;
				PRODUCT_NAME = "$(TARGET_NAME)";
			};
			name = Debug;
		};
		4758AEDD1E23D37C00FA7884 /* Release */ = {
			isa = XCBuildConfiguration;
			buildSettings = {
				DEVELOPMENT_TEAM = FN82QTBZ23;
				PRODUCT_NAME = "$(TARGET_NAME)";
			};
			name = Release;
		};
/* End XCBuildConfiguration section */

/* Begin XCConfigurationList section */
		4758AECF1E23D37C00FA7884 /* Build configuration list for PBXProject "C-Basic-Demo" */ = {
			isa = XCConfigurationList;
			buildConfigurations = (
				4758AED91E23D37C00FA7884 /* Debug */,
				4758AEDA1E23D37C00FA7884 /* Release */,
			);
			defaultConfigurationIsVisible = 0;
			defaultConfigurationName = Release;
		};
		4758AEDB1E23D37C00FA7884 /* Build configuration list for PBXNativeTarget "C-Basic-Demo" */ = {
			isa = XCConfigurationList;
			buildConfigurations = (
				4758AEDC1E23D37C00FA7884 /* Debug */,
				4758AEDD1E23D37C00FA7884 /* Release */,
			);
			defaultConfigurationIsVisible = 0;
		};
/* End XCConfigurationList section */
	};
	rootObject = 4758AECC1E23D37C00FA7884 /* Project object */;
}
